
Microsoft Visual Studio Solution File, Format Version 12.00
# Visual Studio Version 17
VisualStudioVersion = 17.8.34408.163
MinimumVisualStudioVersion = 10.0.40219.1
Project("{FAE04EC0-301F-11D3-BF4B-00C04F79EFBC}") = "WinFormsApp лаба 11_2", "WinFormsApp лаба 11_2.csproj", "{624B7FD7-9A8F-416D-9DB3-75882EDBECC8}"
EndProject
Global
	GlobalSection(SolutionConfigurationPlatforms) = preSolution
		Debug|Any CPU = Debug|Any CPU
		Release|Any CPU = Release|Any CPU
	EndGlobalSection
	GlobalSection(ProjectConfigurationPlatforms) = postSolution
		{624B7FD7-9A8F-416D-9DB3-75882EDBECC8}.Debug|Any CPU.ActiveCfg = Debug|Any CPU
		{624B7FD7-9A8F-416D-9DB3-75882EDBECC8}.Debug|Any CPU.Build.0 = Debug|Any CPU
		{624B7FD7-9A8F-416D-9DB3-75882EDBECC8}.Release|Any CPU.ActiveCfg = Release|Any CPU
		{624B7FD7-9A8F-416D-9DB3-75882EDBECC8}.Release|Any CPU.Build.0 = Release|Any CPU
	EndGlobalSection
	GlobalSection(SolutionProperties) = preSolution
		HideSolutionNode = FALSE
	EndGlobalSection
	GlobalSection(ExtensibilityGlobals) = postSolution
		SolutionGuid = {1708B127-1972-4322-BC52-44FED8F9467F}
	EndGlobalSection
EndGlobal
